// !$*UTF8*$!
{
	archiveVersion = 1;
	classes = {
	};
	objectVersion = 55;
	objects = {

/* Begin PBXBuildFile section */
		3C3886A028A6BBAD00F19FEB /* Test.cpp in Sources */ = {isa = PBXBuildFile; fileRef = 9AAF171028A636EC00DE971F /* Test.cpp */; };
		3CB3E30828A7BD1700320741 /* main.cpp in Sources */ = {isa = PBXBuildFile; fileRef = 3CB3E30028A7AC8600320741 /* main.cpp */; };
/* End PBXBuildFile section */

/* Begin PBXCopyFilesBuildPhase section */
		9AAF170128A6353300DE971F /* CopyFiles */ = {
			isa = PBXCopyFilesBuildPhase;
			buildActionMask = 2147483647;
			dstPath = /usr/share/man/man1/;
			dstSubfolderSpec = 0;
			files = (
			);
			runOnlyForDeploymentPostprocessing = 1;
		};
/* End PBXCopyFilesBuildPhase section */

/* Begin PBXFileReference section */
		3C38869428A6959700F19FEB /* main.cpp */ = {isa = PBXFileReference; fileEncoding = 4; lastKnownFileType = sourcecode.cpp.cpp; path = main.cpp; sourceTree = "<group>"; };
		3C38869728A6A7E800F19FEB /* main.cpp */ = {isa = PBXFileReference; lastKnownFileType = sourcecode.cpp.cpp; path = main.cpp; sourceTree = "<group>"; };
		3C38869A28A6AB7400F19FEB /* main.cpp */ = {isa = PBXFileReference; fileEncoding = 4; lastKnownFileType = sourcecode.cpp.cpp; path = main.cpp; sourceTree = "<group>"; };
		3C38869D28A6B34100F19FEB /* main.cpp */ = {isa = PBXFileReference; fileEncoding = 4; lastKnownFileType = sourcecode.cpp.cpp; path = main.cpp; sourceTree = "<group>"; };
		3CB3E2F728A77D5000320741 /* main.cpp */ = {isa = PBXFileReference; fileEncoding = 4; lastKnownFileType = sourcecode.cpp.cpp; path = main.cpp; sourceTree = "<group>"; };
		3CB3E2FA28A7869D00320741 /* main.cpp */ = {isa = PBXFileReference; fileEncoding = 4; lastKnownFileType = sourcecode.cpp.cpp; path = main.cpp; sourceTree = "<group>"; };
		3CB3E2FD28A797A100320741 /* main.cpp */ = {isa = PBXFileReference; fileEncoding = 4; lastKnownFileType = sourcecode.cpp.cpp; path = main.cpp; sourceTree = "<group>"; };
		3CB3E30028A7AC8600320741 /* main.cpp */ = {isa = PBXFileReference; fileEncoding = 4; lastKnownFileType = sourcecode.cpp.cpp; path = main.cpp; sourceTree = "<group>"; };
		3CB3E30328A7B22900320741 /* main.cpp */ = {isa = PBXFileReference; fileEncoding = 4; lastKnownFileType = sourcecode.cpp.cpp; path = main.cpp; sourceTree = "<group>"; };
		3CB3E30628A7B8C800320741 /* main.cpp */ = {isa = PBXFileReference; fileEncoding = 4; lastKnownFileType = sourcecode.cpp.cpp; path = main.cpp; sourceTree = "<group>"; };
		9AAF170328A6353300DE971F /* LearnCpp */ = {isa = PBXFileReference; explicitFileType = "compiled.mach-o.executable"; includeInIndex = 0; path = LearnCpp; sourceTree = BUILT_PRODUCTS_DIR; };
		9AAF170E28A6367C00DE971F /* main.cpp */ = {isa = PBXFileReference; fileEncoding = 4; lastKnownFileType = sourcecode.cpp.cpp; path = main.cpp; sourceTree = "<group>"; };
		9AAF171028A636EC00DE971F /* Test.cpp */ = {isa = PBXFileReference; lastKnownFileType = sourcecode.cpp.cpp; path = Test.cpp; sourceTree = "<group>"; };
		9AAF171228A6371B00DE971F /* Test.h */ = {isa = PBXFileReference; lastKnownFileType = sourcecode.c.h; path = Test.h; sourceTree = "<group>"; };
		9AD490EB28A66502000BDF3F /* main.cpp */ = {isa = PBXFileReference; fileEncoding = 4; lastKnownFileType = sourcecode.cpp.cpp; path = main.cpp; sourceTree = "<group>"; };
		9AD490EC28A66502000BDF3F /* Test.cpp */ = {isa = PBXFileReference; fileEncoding = 4; lastKnownFileType = sourcecode.cpp.cpp; path = Test.cpp; sourceTree = "<group>"; };
/* End PBXFileReference section */

/* Begin PBXFrameworksBuildPhase section */
		9AAF170028A6353300DE971F /* Frameworks */ = {
			isa = PBXFrameworksBuildPhase;
			buildActionMask = 2147483647;
			files = (
			);
			runOnlyForDeploymentPostprocessing = 0;
		};
/* End PBXFrameworksBuildPhase section */

/* Begin PBXGroup section */
		3C38869328A6956D00F19FEB /* 常量区 */ = {
			isa = PBXGroup;
			children = (
				3C38869428A6959700F19FEB /* main.cpp */,
			);
			path = "常量区";
			sourceTree = "<group>";
		};
		3C38869628A6A7E800F19FEB /* 全局区 */ = {
			isa = PBXGroup;
			children = (
				3C38869728A6A7E800F19FEB /* main.cpp */,
			);
			path = "全局区";
			sourceTree = "<group>";
		};
		3C38869928A6AB7400F19FEB /* 栈区 */ = {
			isa = PBXGroup;
			children = (
				3C38869A28A6AB7400F19FEB /* main.cpp */,
			);
			path = "栈区";
			sourceTree = "<group>";
		};
		3C38869C28A6B34100F19FEB /* 堆区 */ = {
			isa = PBXGroup;
			children = (
				3C38869D28A6B34100F19FEB /* main.cpp */,
			);
			path = "堆区";
			sourceTree = "<group>";
		};
		3CB3E2F628A77D5000320741 /* 字节对齐 */ = {
			isa = PBXGroup;
			children = (
				3CB3E2F728A77D5000320741 /* main.cpp */,
			);
			path = "字节对齐";
			sourceTree = "<group>";
		};
		3CB3E2F928A7869D00320741 /* Byte数组 */ = {
			isa = PBXGroup;
			children = (
				3CB3E2FA28A7869D00320741 /* main.cpp */,
			);
			path = "Byte数组";
			sourceTree = "<group>";
		};
		3CB3E2FC28A797A100320741 /* Byte数组大端序 */ = {
			isa = PBXGroup;
			children = (
				3CB3E2FD28A797A100320741 /* main.cpp */,
			);
			path = "Byte数组大端序";
			sourceTree = "<group>";
		};
		3CB3E2FF28A7AC8600320741 /* 多态 */ = {
			isa = PBXGroup;
			children = (
				3CB3E30028A7AC8600320741 /* main.cpp */,
			);
			path = "多态";
			sourceTree = "<group>";
		};
		3CB3E30228A7B22900320741 /* 虚函数表指针 */ = {
			isa = PBXGroup;
			children = (
				3CB3E30328A7B22900320741 /* main.cpp */,
			);
			path = "虚函数表指针";
			sourceTree = "<group>";
		};
		3CB3E30528A7B8C800320741 /* 虚函数表调用 */ = {
			isa = PBXGroup;
			children = (
				3CB3E30628A7B8C800320741 /* main.cpp */,
			);
			path = "虚函数表调用";
			sourceTree = "<group>";
		};
		9AAF16FA28A6353300DE971F = {
			isa = PBXGroup;
			children = (
				9AAF170D28A6365500DE971F /* 编译流程 */,
				9AD490EA28A6648D000BDF3F /* 类内实现与类外实现 */,
				3C38869328A6956D00F19FEB /* 常量区 */,
				3C38869628A6A7E800F19FEB /* 全局区 */,
				3C38869928A6AB7400F19FEB /* 栈区 */,
				3C38869C28A6B34100F19FEB /* 堆区 */,
				3CB3E2F628A77D5000320741 /* 字节对齐 */,
				3CB3E2F928A7869D00320741 /* Byte数组 */,
				3CB3E2FC28A797A100320741 /* Byte数组大端序 */,
				3CB3E30228A7B22900320741 /* 虚函数表指针 */,
				3CB3E30528A7B8C800320741 /* 虚函数表调用 */,
				3CB3E2FF28A7AC8600320741 /* 多态 */,
				9AAF170428A6353300DE971F /* Products */,
			);
			sourceTree = "<group>";
		};
		9AAF170428A6353300DE971F /* Products */ = {
			isa = PBXGroup;
			children = (
				9AAF170328A6353300DE971F /* LearnCpp */,
			);
			name = Products;
			sourceTree = "<group>";
		};
		9AAF170D28A6365500DE971F /* 编译流程 */ = {
			isa = PBXGroup;
			children = (
				9AAF171228A6371B00DE971F /* Test.h */,
				9AAF171028A636EC00DE971F /* Test.cpp */,
				9AAF170E28A6367C00DE971F /* main.cpp */,
			);
			path = "编译流程";
			sourceTree = "<group>";
		};
		9AD490EA28A6648D000BDF3F /* 类内实现与类外实现 */ = {
			isa = PBXGroup;
			children = (
				9AD490EC28A66502000BDF3F /* Test.cpp */,
				9AD490EB28A66502000BDF3F /* main.cpp */,
			);
			path = "类内实现与类外实现";
			sourceTree = "<group>";
		};
/* End PBXGroup section */

/* Begin PBXNativeTarget section */
		9AAF170228A6353300DE971F /* LearnCpp */ = {
			isa = PBXNativeTarget;
			buildConfigurationList = 9AAF170A28A6353300DE971F /* Build configuration list for PBXNativeTarget "LearnCpp" */;
			buildPhases = (
				9AAF16FF28A6353300DE971F /* Sources */,
				9AAF170028A6353300DE971F /* Frameworks */,
				9AAF170128A6353300DE971F /* CopyFiles */,
			);
			buildRules = (
			);
			dependencies = (
			);
			name = LearnCpp;
			productName = LearnCpp;
			productReference = 9AAF170328A6353300DE971F /* LearnCpp */;
			productType = "com.apple.product-type.tool";
		};
/* End PBXNativeTarget section */

/* Begin PBXProject section */
		9AAF16FB28A6353300DE971F /* Project object */ = {
			isa = PBXProject;
			attributes = {
				BuildIndependentTargetsInParallel = 1;
				LastUpgradeCheck = 1320;
				TargetAttributes = {
					9AAF170228A6353300DE971F = {
						CreatedOnToolsVersion = 13.2.1;
					};
				};
			};
			buildConfigurationList = 9AAF16FE28A6353300DE971F /* Build configuration list for PBXProject "LearnCpp" */;
			compatibilityVersion = "Xcode 13.0";
			developmentRegion = en;
			hasScannedForEncodings = 0;
			knownRegions = (
				en,
				Base,
			);
			mainGroup = 9AAF16FA28A6353300DE971F;
			productRefGroup = 9AAF170428A6353300DE971F /* Products */;
			projectDirPath = "";
			projectRoot = "";
			targets = (
				9AAF170228A6353300DE971F /* LearnCpp */,
			);
		};
/* End PBXProject section */

/* Begin PBXSourcesBuildPhase section */
		9AAF16FF28A6353300DE971F /* Sources */ = {
			isa = PBXSourcesBuildPhase;
			buildActionMask = 2147483647;
			files = (
				3CB3E30828A7BD1700320741 /* main.cpp in Sources */,
				3C3886A028A6BBAD00F19FEB /* Test.cpp in Sources */,
			);
			runOnlyForDeploymentPostprocessing = 0;
		};
/* End PBXSourcesBuildPhase section */

/* Begin XCBuildConfiguration section */
		9AAF170828A6353300DE971F /* Debug */ = {
			isa = XCBuildConfiguration;
			buildSettings = {
				ALWAYS_SEARCH_USER_PATHS = NO;
				CLANG_ANALYZER_NONNULL = YES;
				CLANG_ANALYZER_NUMBER_OBJECT_CONVERSION = YES_AGGRESSIVE;
				CLANG_CXX_LANGUAGE_STANDARD = "gnu++17";
				CLANG_CXX_LIBRARY = "libc++";
				CLANG_ENABLE_MODULES = YES;
				CLANG_ENABLE_OBJC_ARC = YES;
				CLANG_ENABLE_OBJC_WEAK = YES;
				CLANG_WARN_BLOCK_CAPTURE_AUTORELEASING = YES;
				CLANG_WARN_BOOL_CONVERSION = YES;
				CLANG_WARN_COMMA = YES;
				CLANG_WARN_CONSTANT_CONVERSION = YES;
				CLANG_WARN_DEPRECATED_OBJC_IMPLEMENTATIONS = YES;
				CLANG_WARN_DIRECT_OBJC_ISA_USAGE = YES_ERROR;
				CLANG_WARN_DOCUMENTATION_COMMENTS = YES;
				CLANG_WARN_EMPTY_BODY = YES;
				CLANG_WARN_ENUM_CONVERSION = YES;
				CLANG_WARN_INFINITE_RECURSION = YES;
				CLANG_WARN_INT_CONVERSION = YES;
				CLANG_WARN_NON_LITERAL_NULL_CONVERSION = YES;
				CLANG_WARN_OBJC_IMPLICIT_RETAIN_SELF = YES;
				CLANG_WARN_OBJC_LITERAL_CONVERSION = YES;
				CLANG_WARN_OBJC_ROOT_CLASS = YES_ERROR;
				CLANG_WARN_QUOTED_INCLUDE_IN_FRAMEWORK_HEADER = YES;
				CLANG_WARN_RANGE_LOOP_ANALYSIS = YES;
				CLANG_WARN_STRICT_PROTOTYPES = YES;
				CLANG_WARN_SUSPICIOUS_MOVE = YES;
				CLANG_WARN_UNGUARDED_AVAILABILITY = YES_AGGRESSIVE;
				CLANG_WARN_UNREACHABLE_CODE = YES;
				CLANG_WARN__DUPLICATE_METHOD_MATCH = YES;
				COPY_PHASE_STRIP = NO;
				DEBUG_INFORMATION_FORMAT = dwarf;
				ENABLE_STRICT_OBJC_MSGSEND = YES;
				ENABLE_TESTABILITY = YES;
				GCC_C_LANGUAGE_STANDARD = gnu11;
				GCC_DYNAMIC_NO_PIC = NO;
				GCC_NO_COMMON_BLOCKS = YES;
				GCC_OPTIMIZATION_LEVEL = 0;
				GCC_PREPROCESSOR_DEFINITIONS = (
					"DEBUG=1",
					"$(inherited)",
				);
				GCC_WARN_64_TO_32_BIT_CONVERSION = YES;
				GCC_WARN_ABOUT_RETURN_TYPE = YES_ERROR;
				GCC_WARN_UNDECLARED_SELECTOR = YES;
				GCC_WARN_UNINITIALIZED_AUTOS = YES_AGGRESSIVE;
				GCC_WARN_UNUSED_FUNCTION = YES;
				GCC_WARN_UNUSED_VARIABLE = YES;
				MACOSX_DEPLOYMENT_TARGET = 11.6;
				MTL_ENABLE_DEBUG_INFO = INCLUDE_SOURCE;
				MTL_FAST_MATH = YES;
				ONLY_ACTIVE_ARCH = YES;
				SDKROOT = macosx;
			};
			name = Debug;
		};
		9AAF170928A6353300DE971F /* Release */ = {
			isa = XCBuildConfiguration;
			buildSettings = {
				ALWAYS_SEARCH_USER_PATHS = NO;
				CLANG_ANALYZER_NONNULL = YES;
				CLANG_ANALYZER_NUMBER_OBJECT_CONVERSION = YES_AGGRESSIVE;
				CLANG_CXX_LANGUAGE_STANDARD = "gnu++17";
				CLANG_CXX_LIBRARY = "libc++";
				CLANG_ENABLE_MODULES = YES;
				CLANG_ENABLE_OBJC_ARC = YES;
				CLANG_ENABLE_OBJC_WEAK = YES;
				CLANG_WARN_BLOCK_CAPTURE_AUTORELEASING = YES;
				CLANG_WARN_BOOL_CONVERSION = YES;
				CLANG_WARN_COMMA = YES;
				CLANG_WARN_CONSTANT_CONVERSION = YES;
				CLANG_WARN_DEPRECATED_OBJC_IMPLEMENTATIONS = YES;
				CLANG_WARN_DIRECT_OBJC_ISA_USAGE = YES_ERROR;
				CLANG_WARN_DOCUMENTATION_COMMENTS = YES;
				CLANG_WARN_EMPTY_BODY = YES;
				CLANG_WARN_ENUM_CONVERSION = YES;
				CLANG_WARN_INFINITE_RECURSION = YES;
				CLANG_WARN_INT_CONVERSION = YES;
				CLANG_WARN_NON_LITERAL_NULL_CONVERSION = YES;
				CLANG_WARN_OBJC_IMPLICIT_RETAIN_SELF = YES;
				CLANG_WARN_OBJC_LITERAL_CONVERSION = YES;
				CLANG_WARN_OBJC_ROOT_CLASS = YES_ERROR;
				CLANG_WARN_QUOTED_INCLUDE_IN_FRAMEWORK_HEADER = YES;
				CLANG_WARN_RANGE_LOOP_ANALYSIS = YES;
				CLANG_WARN_STRICT_PROTOTYPES = YES;
				CLANG_WARN_SUSPICIOUS_MOVE = YES;
				CLANG_WARN_UNGUARDED_AVAILABILITY = YES_AGGRESSIVE;
				CLANG_WARN_UNREACHABLE_CODE = YES;
				CLANG_WARN__DUPLICATE_METHOD_MATCH = YES;
				COPY_PHASE_STRIP = NO;
				DEBUG_INFORMATION_FORMAT = "dwarf-with-dsym";
				ENABLE_NS_ASSERTIONS = NO;
				ENABLE_STRICT_OBJC_MSGSEND = YES;
				GCC_C_LANGUAGE_STANDARD = gnu11;
				GCC_NO_COMMON_BLOCKS = YES;
				GCC_WARN_64_TO_32_BIT_CONVERSION = YES;
				GCC_WARN_ABOUT_RETURN_TYPE = YES_ERROR;
				GCC_WARN_UNDECLARED_SELECTOR = YES;
				GCC_WARN_UNINITIALIZED_AUTOS = YES_AGGRESSIVE;
				GCC_WARN_UNUSED_FUNCTION = YES;
				GCC_WARN_UNUSED_VARIABLE = YES;
				MACOSX_DEPLOYMENT_TARGET = 11.6;
				MTL_ENABLE_DEBUG_INFO = NO;
				MTL_FAST_MATH = YES;
				SDKROOT = macosx;
			};
			name = Release;
		};
		9AAF170B28A6353300DE971F /* Debug */ = {
			isa = XCBuildConfiguration;
			buildSettings = {
				CODE_SIGN_STYLE = Automatic;
				MACOSX_DEPLOYMENT_TARGET = 10.10;
				PRODUCT_NAME = "$(TARGET_NAME)";
			};
			name = Debug;
		};
		9AAF170C28A6353300DE971F /* Release */ = {
			isa = XCBuildConfiguration;
			buildSettings = {
				CODE_SIGN_STYLE = Automatic;
				MACOSX_DEPLOYMENT_TARGET = 10.10;
				PRODUCT_NAME = "$(TARGET_NAME)";
			};
			name = Release;
		};
/* End XCBuildConfiguration section */

/* Begin XCConfigurationList section */
		9AAF16FE28A6353300DE971F /* Build configuration list for PBXProject "LearnCpp" */ = {
			isa = XCConfigurationList;
			buildConfigurations = (
				9AAF170828A6353300DE971F /* Debug */,
				9AAF170928A6353300DE971F /* Release */,
			);
			defaultConfigurationIsVisible = 0;
			defaultConfigurationName = Release;
		};
		9AAF170A28A6353300DE971F /* Build configuration list for PBXNativeTarget "LearnCpp" */ = {
			isa = XCConfigurationList;
			buildConfigurations = (
				9AAF170B28A6353300DE971F /* Debug */,
				9AAF170C28A6353300DE971F /* Release */,
			);
			defaultConfigurationIsVisible = 0;
			defaultConfigurationName = Release;
		};
/* End XCConfigurationList section */
	};
	rootObject = 9AAF16FB28A6353300DE971F /* Project object */;
}
